
Microsoft Visual Studio Solution File, Format Version 12.00
# Visual Studio Version 17
VisualStudioVersion = 17.1.32210.238
MinimumVisualStudioVersion = 10.0.40219.1
Project("{9A19103F-16F7-4668-BE54-9A1E7A4F7556}") = "Calculator", "Calculator\Calculator.csproj", "{480353CF-D5BE-4365-B872-95FF3A0221F1}"
EndProject
Project("{9A19103F-16F7-4668-BE54-9A1E7A4F7556}") = "TestForCalculator", "..\TestForCalculator\TestForCalculator\TestForCalculator.csproj", "{1E379832-F638-40F2-B0AC-6466E2C891B4}"
EndProject
Project("{FAE04EC0-301F-11D3-BF4B-00C04F79EFBC}") = "Test", "Test\Test.csproj", "{C1F526EA-2221-45F7-826B-009E9AA46519}"
EndProject
Global
	GlobalSection(SolutionConfigurationPlatforms) = preSolution
		Debug|Any CPU = Debug|Any CPU
		Release|Any CPU = Release|Any CPU
	EndGlobalSection
	GlobalSection(ProjectConfigurationPlatforms) = postSolution
		{480353CF-D5BE-4365-B872-95FF3A0221F1}.Debug|Any CPU.ActiveCfg = Debug|Any CPU
		{480353CF-D5BE-4365-B872-95FF3A0221F1}.Debug|Any CPU.Build.0 = Debug|Any CPU
		{480353CF-D5BE-4365-B872-95FF3A0221F1}.Release|Any CPU.ActiveCfg = Release|Any CPU
		{480353CF-D5BE-4365-B872-95FF3A0221F1}.Release|Any CPU.Build.0 = Release|Any CPU
		{1E379832-F638-40F2-B0AC-6466E2C891B4}.Debug|Any CPU.ActiveCfg = Debug|Any CPU
		{1E379832-F638-40F2-B0AC-6466E2C891B4}.Debug|Any CPU.Build.0 = Debug|Any CPU
		{1E379832-F638-40F2-B0AC-6466E2C891B4}.Release|Any CPU.ActiveCfg = Release|Any CPU
		{1E379832-F638-40F2-B0AC-6466E2C891B4}.Release|Any CPU.Build.0 = Release|Any CPU
		{C1F526EA-2221-45F7-826B-009E9AA46519}.Debug|Any CPU.ActiveCfg = Debug|Any CPU
		{C1F526EA-2221-45F7-826B-009E9AA46519}.Debug|Any CPU.Build.0 = Debug|Any CPU
		{C1F526EA-2221-45F7-826B-009E9AA46519}.Release|Any CPU.ActiveCfg = Release|Any CPU
		{C1F526EA-2221-45F7-826B-009E9AA46519}.Release|Any CPU.Build.0 = Release|Any CPU
	EndGlobalSection
	GlobalSection(SolutionProperties) = preSolution
		HideSolutionNode = FALSE
	EndGlobalSection
	GlobalSection(ExtensibilityGlobals) = postSolution
		SolutionGuid = {2A83FC62-61A3-46DB-B72A-90C0EE007BB8}
	EndGlobalSection
EndGlobal
